
Microsoft Visual Studio Solution File, Format Version 12.00
# Visual Studio 15
VisualStudioVersion = 15.0.28307.271
MinimumVisualStudioVersion = 10.0.40219.1
Project("{FAE04EC0-301F-11D3-BF4B-00C04F79EFBC}") = "neurosigmoid", "neurosigmoid\neurosigmoid.csproj", "{BFDD637F-5D44-400E-86E1-11F2BE8A6915}"
EndProject
Global
	GlobalSection(SolutionConfigurationPlatforms) = preSolution
		Debug|Any CPU = Debug|Any CPU
		Release|Any CPU = Release|Any CPU
	EndGlobalSection
	GlobalSection(ProjectConfigurationPlatforms) = postSolution
		{BFDD637F-5D44-400E-86E1-11F2BE8A6915}.Debug|Any CPU.ActiveCfg = Debug|Any CPU
		{BFDD637F-5D44-400E-86E1-11F2BE8A6915}.Debug|Any CPU.Build.0 = Debug|Any CPU
		{BFDD637F-5D44-400E-86E1-11F2BE8A6915}.Release|Any CPU.ActiveCfg = Release|Any CPU
		{BFDD637F-5D44-400E-86E1-11F2BE8A6915}.Release|Any CPU.Build.0 = Release|Any CPU
	EndGlobalSection
	GlobalSection(SolutionProperties) = preSolution
		HideSolutionNode = FALSE
	EndGlobalSection
	GlobalSection(ExtensibilityGlobals) = postSolution
		SolutionGuid = {F5976E26-7058-464F-8E05-4974336C4143}
	EndGlobalSection
EndGlobal
